
Microsoft Visual Studio Solution File, Format Version 12.00
# Visual Studio 15
VisualStudioVersion = 15.0.27130.2027
MinimumVisualStudioVersion = 10.0.40219.1
Project("{FAE04EC0-301F-11D3-BF4B-00C04F79EFBC}") = "Core", "Core\Core\Core.csproj", "{F1EA4BBA-D775-45C0-99DA-DB0590BEE87E}"
EndProject
Project("{FAE04EC0-301F-11D3-BF4B-00C04F79EFBC}") = "Core.Platform.Android", "Core\Core.Platform.Android\Core.Platform.Android.csproj", "{E30A4499-8EF8-4542-AAF9-C9D30A543752}"
EndProject
Project("{FAE04EC0-301F-11D3-BF4B-00C04F79EFBC}") = "Core.Platform.iOS", "Core\Core.Platform.iOS\Core.Platform.iOS.csproj", "{C5B8A6AF-90D0-43DC-B097-A5F3CEB01E9F}"
EndProject
Project("{FAE04EC0-301F-11D3-BF4B-00C04F79EFBC}") = "Core.Tests", "Core\Core.Tests\Core.Tests.csproj", "{8EDF4429-251A-416D-BB68-93F227191BCF}"
EndProject
Project("{FAE04EC0-301F-11D3-BF4B-00C04F79EFBC}") = "Example", "Example\Example\Example.csproj", "{F0217CFC-1E56-4703-AECE-EE4196A59B17}"
EndProject
Project("{FAE04EC0-301F-11D3-BF4B-00C04F79EFBC}") = "Example.Android", "Example\Example.Android\Example.Android.csproj", "{05EE2696-9D94-4DCE-AD4F-2C1C5C052A57}"
EndProject
Project("{FAE04EC0-301F-11D3-BF4B-00C04F79EFBC}") = "Example.iOS", "Example\Example.iOS\Example.iOS.csproj", "{00023BF2-7D9E-439C-8942-54D3F21E2710}"
EndProject
Project("{FAE04EC0-301F-11D3-BF4B-00C04F79EFBC}") = "Auth", "Auth\Auth\Auth.csproj", "{55FF3B02-07D1-46F3-B0D5-584D3B98467E}"
EndProject
Project("{FAE04EC0-301F-11D3-BF4B-00C04F79EFBC}") = "Auth.Tests", "Auth\Auth.Tests\Auth.Tests.csproj", "{49AB0AE8-D54A-4C4A-A0B2-45CAD81F9EBE}"
EndProject
Project("{FAE04EC0-301F-11D3-BF4B-00C04F79EFBC}") = "Auth.Platform.iOS", "Auth\Auth.Platform.iOS\Auth.Platform.iOS.csproj", "{CBB87B9E-D526-46B1-B05A-AD3D383EACED}"
EndProject
Project("{FAE04EC0-301F-11D3-BF4B-00C04F79EFBC}") = "Auth.Platform.Android", "Auth\Auth.Platform.Android\Auth.Platform.Android.csproj", "{ACEB8935-989F-46CA-8F0F-FBA3B358C70C}"
EndProject
Project("{FAE04EC0-301F-11D3-BF4B-00C04F79EFBC}") = "Android.Tests", "Tests\Android.Tests\Android.Tests.csproj", "{A01DBE99-3BDE-4C44-AFF7-2B00B9F961BB}"
EndProject
Project("{FAE04EC0-301F-11D3-BF4B-00C04F79EFBC}") = "iOS.Tests", "Tests\iOS.Tests\iOS.Tests.csproj", "{5AA00B29-4CF4-4356-A453-AFCBBEE26114}"
EndProject
Project("{2150E333-8FDC-42A3-9474-1A3956D46DE8}") = "Solution Items", "Solution Items", "{A285E378-F426-4442-84D2-E1560EC62D31}"
EndProject
Project("{2150E333-8FDC-42A3-9474-1A3956D46DE8}") = "Documentations", "Documentations", "{5E5A91D6-B099-42B8-99E8-36B90500C547}"
	ProjectSection(SolutionItems) = preProject
		README.md = README.md
	EndProjectSection
EndProject
Project("{2150E333-8FDC-42A3-9474-1A3956D46DE8}") = "Dist", "Dist", "{19494A1B-871E-4ED5-BEFF-1F4C08851BDA}"
	ProjectSection(SolutionItems) = preProject
		Core\Core\Dist\make-dist.md = Core\Core\Dist\make-dist.md
	EndProjectSection
EndProject
Project("{FAE04EC0-301F-11D3-BF4B-00C04F79EFBC}") = "Security", "Security\Security.csproj", "{AA2048E3-2324-4922-A7FE-C0589AF4B74F}"
EndProject
Project("{FAE04EC0-301F-11D3-BF4B-00C04F79EFBC}") = "Security.Platform.iOS", "Security.Platform.iOS\Security.Platform.iOS.csproj", "{4C856B1A-CE05-4880-B315-D3D3FEA3B3CC}"
EndProject
Project("{FAE04EC0-301F-11D3-BF4B-00C04F79EFBC}") = "Security.Platform.Android", "Security.Platform.Android\Security.Platform.Android.csproj", "{FABACD6F-AA16-47B2-96CD-6790DF9AE77F}"
EndProject
Project("{FAE04EC0-301F-11D3-BF4B-00C04F79EFBC}") = "Security.Tests", "Security.Tests\Security.Tests.csproj", "{80FF713F-79B9-499F-BC7D-3D8BE23C8702}"
EndProject
Global
	GlobalSection(SolutionConfigurationPlatforms) = preSolution
		Ad-Hoc|Any CPU = Ad-Hoc|Any CPU
		Ad-Hoc|iPhone = Ad-Hoc|iPhone
		Ad-Hoc|iPhoneSimulator = Ad-Hoc|iPhoneSimulator
		AppStore|Any CPU = AppStore|Any CPU
		AppStore|iPhone = AppStore|iPhone
		AppStore|iPhoneSimulator = AppStore|iPhoneSimulator
		Debug|Any CPU = Debug|Any CPU
		Debug|iPhone = Debug|iPhone
		Debug|iPhoneSimulator = Debug|iPhoneSimulator
		Release|Any CPU = Release|Any CPU
		Release|iPhone = Release|iPhone
		Release|iPhoneSimulator = Release|iPhoneSimulator
	EndGlobalSection
	GlobalSection(ProjectConfigurationPlatforms) = postSolution
		{F1EA4BBA-D775-45C0-99DA-DB0590BEE87E}.Ad-Hoc|Any CPU.ActiveCfg = Debug|Any CPU
		{F1EA4BBA-D775-45C0-99DA-DB0590BEE87E}.Ad-Hoc|Any CPU.Build.0 = Debug|Any CPU
		{F1EA4BBA-D775-45C0-99DA-DB0590BEE87E}.Ad-Hoc|iPhone.ActiveCfg = Debug|Any CPU
		{F1EA4BBA-D775-45C0-99DA-DB0590BEE87E}.Ad-Hoc|iPhone.Build.0 = Debug|Any CPU
		{F1EA4BBA-D775-45C0-99DA-DB0590BEE87E}.Ad-Hoc|iPhoneSimulator.ActiveCfg = Debug|Any CPU
		{F1EA4BBA-D775-45C0-99DA-DB0590BEE87E}.Ad-Hoc|iPhoneSimulator.Build.0 = Debug|Any CPU
		{F1EA4BBA-D775-45C0-99DA-DB0590BEE87E}.AppStore|Any CPU.ActiveCfg = Debug|Any CPU
		{F1EA4BBA-D775-45C0-99DA-DB0590BEE87E}.AppStore|Any CPU.Build.0 = Debug|Any CPU
		{F1EA4BBA-D775-45C0-99DA-DB0590BEE87E}.AppStore|iPhone.ActiveCfg = Debug|Any CPU
		{F1EA4BBA-D775-45C0-99DA-DB0590BEE87E}.AppStore|iPhone.Build.0 = Debug|Any CPU
		{F1EA4BBA-D775-45C0-99DA-DB0590BEE87E}.AppStore|iPhoneSimulator.ActiveCfg = Debug|Any CPU
		{F1EA4BBA-D775-45C0-99DA-DB0590BEE87E}.AppStore|iPhoneSimulator.Build.0 = Debug|Any CPU
		{F1EA4BBA-D775-45C0-99DA-DB0590BEE87E}.Debug|Any CPU.ActiveCfg = Debug|Any CPU
		{F1EA4BBA-D775-45C0-99DA-DB0590BEE87E}.Debug|Any CPU.Build.0 = Debug|Any CPU
		{F1EA4BBA-D775-45C0-99DA-DB0590BEE87E}.Debug|iPhone.ActiveCfg = Debug|Any CPU
		{F1EA4BBA-D775-45C0-99DA-DB0590BEE87E}.Debug|iPhone.Build.0 = Debug|Any CPU
		{F1EA4BBA-D775-45C0-99DA-DB0590BEE87E}.Debug|iPhoneSimulator.ActiveCfg = Debug|Any CPU
		{F1EA4BBA-D775-45C0-99DA-DB0590BEE87E}.Debug|iPhoneSimulator.Build.0 = Debug|Any CPU
		{F1EA4BBA-D775-45C0-99DA-DB0590BEE87E}.Release|Any CPU.ActiveCfg = Release|Any CPU
		{F1EA4BBA-D775-45C0-99DA-DB0590BEE87E}.Release|Any CPU.Build.0 = Release|Any CPU
		{F1EA4BBA-D775-45C0-99DA-DB0590BEE87E}.Release|iPhone.ActiveCfg = Release|Any CPU
		{F1EA4BBA-D775-45C0-99DA-DB0590BEE87E}.Release|iPhone.Build.0 = Release|Any CPU
		{F1EA4BBA-D775-45C0-99DA-DB0590BEE87E}.Release|iPhoneSimulator.ActiveCfg = Release|Any CPU
		{F1EA4BBA-D775-45C0-99DA-DB0590BEE87E}.Release|iPhoneSimulator.Build.0 = Release|Any CPU
		{E30A4499-8EF8-4542-AAF9-C9D30A543752}.Ad-Hoc|Any CPU.ActiveCfg = Release|Any CPU
		{E30A4499-8EF8-4542-AAF9-C9D30A543752}.Ad-Hoc|Any CPU.Build.0 = Release|Any CPU
		{E30A4499-8EF8-4542-AAF9-C9D30A543752}.Ad-Hoc|iPhone.ActiveCfg = Release|Any CPU
		{E30A4499-8EF8-4542-AAF9-C9D30A543752}.Ad-Hoc|iPhone.Build.0 = Release|Any CPU
		{E30A4499-8EF8-4542-AAF9-C9D30A543752}.Ad-Hoc|iPhoneSimulator.ActiveCfg = Release|Any CPU
		{E30A4499-8EF8-4542-AAF9-C9D30A543752}.Ad-Hoc|iPhoneSimulator.Build.0 = Release|Any CPU
		{E30A4499-8EF8-4542-AAF9-C9D30A543752}.AppStore|Any CPU.ActiveCfg = Release|Any CPU
		{E30A4499-8EF8-4542-AAF9-C9D30A543752}.AppStore|Any CPU.Build.0 = Release|Any CPU
		{E30A4499-8EF8-4542-AAF9-C9D30A543752}.AppStore|iPhone.ActiveCfg = Release|Any CPU
		{E30A4499-8EF8-4542-AAF9-C9D30A543752}.AppStore|iPhone.Build.0 = Release|Any CPU
		{E30A4499-8EF8-4542-AAF9-C9D30A543752}.AppStore|iPhoneSimulator.ActiveCfg = Release|Any CPU
		{E30A4499-8EF8-4542-AAF9-C9D30A543752}.AppStore|iPhoneSimulator.Build.0 = Release|Any CPU
		{E30A4499-8EF8-4542-AAF9-C9D30A543752}.Debug|Any CPU.ActiveCfg = Debug|Any CPU
		{E30A4499-8EF8-4542-AAF9-C9D30A543752}.Debug|Any CPU.Build.0 = Debug|Any CPU
		{E30A4499-8EF8-4542-AAF9-C9D30A543752}.Debug|iPhone.ActiveCfg = Debug|Any CPU
		{E30A4499-8EF8-4542-AAF9-C9D30A543752}.Debug|iPhone.Build.0 = Debug|Any CPU
		{E30A4499-8EF8-4542-AAF9-C9D30A543752}.Debug|iPhoneSimulator.ActiveCfg = Debug|Any CPU
		{E30A4499-8EF8-4542-AAF9-C9D30A543752}.Debug|iPhoneSimulator.Build.0 = Debug|Any CPU
		{E30A4499-8EF8-4542-AAF9-C9D30A543752}.Release|Any CPU.ActiveCfg = Release|Any CPU
		{E30A4499-8EF8-4542-AAF9-C9D30A543752}.Release|Any CPU.Build.0 = Release|Any CPU
		{E30A4499-8EF8-4542-AAF9-C9D30A543752}.Release|iPhone.ActiveCfg = Release|Any CPU
		{E30A4499-8EF8-4542-AAF9-C9D30A543752}.Release|iPhone.Build.0 = Release|Any CPU
		{E30A4499-8EF8-4542-AAF9-C9D30A543752}.Release|iPhoneSimulator.ActiveCfg = Release|Any CPU
		{E30A4499-8EF8-4542-AAF9-C9D30A543752}.Release|iPhoneSimulator.Build.0 = Release|Any CPU
		{C5B8A6AF-90D0-43DC-B097-A5F3CEB01E9F}.Ad-Hoc|Any CPU.ActiveCfg = Release|Any CPU
		{C5B8A6AF-90D0-43DC-B097-A5F3CEB01E9F}.Ad-Hoc|Any CPU.Build.0 = Release|Any CPU
		{C5B8A6AF-90D0-43DC-B097-A5F3CEB01E9F}.Ad-Hoc|iPhone.ActiveCfg = Release|Any CPU
		{C5B8A6AF-90D0-43DC-B097-A5F3CEB01E9F}.Ad-Hoc|iPhone.Build.0 = Release|Any CPU
		{C5B8A6AF-90D0-43DC-B097-A5F3CEB01E9F}.Ad-Hoc|iPhoneSimulator.ActiveCfg = Release|Any CPU
		{C5B8A6AF-90D0-43DC-B097-A5F3CEB01E9F}.Ad-Hoc|iPhoneSimulator.Build.0 = Release|Any CPU
		{C5B8A6AF-90D0-43DC-B097-A5F3CEB01E9F}.AppStore|Any CPU.ActiveCfg = Release|Any CPU
		{C5B8A6AF-90D0-43DC-B097-A5F3CEB01E9F}.AppStore|Any CPU.Build.0 = Release|Any CPU
		{C5B8A6AF-90D0-43DC-B097-A5F3CEB01E9F}.AppStore|iPhone.ActiveCfg = Release|Any CPU
		{C5B8A6AF-90D0-43DC-B097-A5F3CEB01E9F}.AppStore|iPhone.Build.0 = Release|Any CPU
		{C5B8A6AF-90D0-43DC-B097-A5F3CEB01E9F}.AppStore|iPhoneSimulator.ActiveCfg = Release|Any CPU
		{C5B8A6AF-90D0-43DC-B097-A5F3CEB01E9F}.AppStore|iPhoneSimulator.Build.0 = Release|Any CPU
		{C5B8A6AF-90D0-43DC-B097-A5F3CEB01E9F}.Debug|Any CPU.ActiveCfg = Debug|Any CPU
		{C5B8A6AF-90D0-43DC-B097-A5F3CEB01E9F}.Debug|Any CPU.Build.0 = Debug|Any CPU
		{C5B8A6AF-90D0-43DC-B097-A5F3CEB01E9F}.Debug|iPhone.ActiveCfg = Debug|Any CPU
		{C5B8A6AF-90D0-43DC-B097-A5F3CEB01E9F}.Debug|iPhone.Build.0 = Debug|Any CPU
		{C5B8A6AF-90D0-43DC-B097-A5F3CEB01E9F}.Debug|iPhoneSimulator.ActiveCfg = Debug|Any CPU
		{C5B8A6AF-90D0-43DC-B097-A5F3CEB01E9F}.Debug|iPhoneSimulator.Build.0 = Debug|Any CPU
		{C5B8A6AF-90D0-43DC-B097-A5F3CEB01E9F}.Release|Any CPU.ActiveCfg = Release|Any CPU
		{C5B8A6AF-90D0-43DC-B097-A5F3CEB01E9F}.Release|Any CPU.Build.0 = Release|Any CPU
		{C5B8A6AF-90D0-43DC-B097-A5F3CEB01E9F}.Release|iPhone.ActiveCfg = Release|Any CPU
		{C5B8A6AF-90D0-43DC-B097-A5F3CEB01E9F}.Release|iPhone.Build.0 = Release|Any CPU
		{C5B8A6AF-90D0-43DC-B097-A5F3CEB01E9F}.Release|iPhoneSimulator.ActiveCfg = Release|Any CPU
		{C5B8A6AF-90D0-43DC-B097-A5F3CEB01E9F}.Release|iPhoneSimulator.Build.0 = Release|Any CPU
		{8EDF4429-251A-416D-BB68-93F227191BCF}.Ad-Hoc|Any CPU.ActiveCfg = Release|Any CPU
		{8EDF4429-251A-416D-BB68-93F227191BCF}.Ad-Hoc|Any CPU.Build.0 = Release|Any CPU
		{8EDF4429-251A-416D-BB68-93F227191BCF}.Ad-Hoc|iPhone.ActiveCfg = Release|Any CPU
		{8EDF4429-251A-416D-BB68-93F227191BCF}.Ad-Hoc|iPhone.Build.0 = Release|Any CPU
		{8EDF4429-251A-416D-BB68-93F227191BCF}.Ad-Hoc|iPhoneSimulator.ActiveCfg = Release|Any CPU
		{8EDF4429-251A-416D-BB68-93F227191BCF}.Ad-Hoc|iPhoneSimulator.Build.0 = Release|Any CPU
		{8EDF4429-251A-416D-BB68-93F227191BCF}.AppStore|Any CPU.ActiveCfg = Release|Any CPU
		{8EDF4429-251A-416D-BB68-93F227191BCF}.AppStore|Any CPU.Build.0 = Release|Any CPU
		{8EDF4429-251A-416D-BB68-93F227191BCF}.AppStore|iPhone.ActiveCfg = Release|Any CPU
		{8EDF4429-251A-416D-BB68-93F227191BCF}.AppStore|iPhone.Build.0 = Release|Any CPU
		{8EDF4429-251A-416D-BB68-93F227191BCF}.AppStore|iPhoneSimulator.ActiveCfg = Release|Any CPU
		{8EDF4429-251A-416D-BB68-93F227191BCF}.AppStore|iPhoneSimulator.Build.0 = Release|Any CPU
		{8EDF4429-251A-416D-BB68-93F227191BCF}.Debug|Any CPU.ActiveCfg = Debug|Any CPU
		{8EDF4429-251A-416D-BB68-93F227191BCF}.Debug|Any CPU.Build.0 = Debug|Any CPU
		{8EDF4429-251A-416D-BB68-93F227191BCF}.Debug|iPhone.ActiveCfg = Debug|Any CPU
		{8EDF4429-251A-416D-BB68-93F227191BCF}.Debug|iPhone.Build.0 = Debug|Any CPU
		{8EDF4429-251A-416D-BB68-93F227191BCF}.Debug|iPhoneSimulator.ActiveCfg = Debug|Any CPU
		{8EDF4429-251A-416D-BB68-93F227191BCF}.Debug|iPhoneSimulator.Build.0 = Debug|Any CPU
		{8EDF4429-251A-416D-BB68-93F227191BCF}.Release|Any CPU.ActiveCfg = Release|Any CPU
		{8EDF4429-251A-416D-BB68-93F227191BCF}.Release|Any CPU.Build.0 = Release|Any CPU
		{8EDF4429-251A-416D-BB68-93F227191BCF}.Release|iPhone.ActiveCfg = Release|Any CPU
		{8EDF4429-251A-416D-BB68-93F227191BCF}.Release|iPhone.Build.0 = Release|Any CPU
		{8EDF4429-251A-416D-BB68-93F227191BCF}.Release|iPhoneSimulator.ActiveCfg = Release|Any CPU
		{8EDF4429-251A-416D-BB68-93F227191BCF}.Release|iPhoneSimulator.Build.0 = Release|Any CPU
		{F0217CFC-1E56-4703-AECE-EE4196A59B17}.Ad-Hoc|Any CPU.ActiveCfg = Debug|Any CPU
		{F0217CFC-1E56-4703-AECE-EE4196A59B17}.Ad-Hoc|Any CPU.Build.0 = Debug|Any CPU
		{F0217CFC-1E56-4703-AECE-EE4196A59B17}.Ad-Hoc|iPhone.ActiveCfg = Debug|Any CPU
		{F0217CFC-1E56-4703-AECE-EE4196A59B17}.Ad-Hoc|iPhone.Build.0 = Debug|Any CPU
		{F0217CFC-1E56-4703-AECE-EE4196A59B17}.Ad-Hoc|iPhoneSimulator.ActiveCfg = Debug|Any CPU
		{F0217CFC-1E56-4703-AECE-EE4196A59B17}.Ad-Hoc|iPhoneSimulator.Build.0 = Debug|Any CPU
		{F0217CFC-1E56-4703-AECE-EE4196A59B17}.AppStore|Any CPU.ActiveCfg = Debug|Any CPU
		{F0217CFC-1E56-4703-AECE-EE4196A59B17}.AppStore|Any CPU.Build.0 = Debug|Any CPU
		{F0217CFC-1E56-4703-AECE-EE4196A59B17}.AppStore|iPhone.ActiveCfg = Debug|Any CPU
		{F0217CFC-1E56-4703-AECE-EE4196A59B17}.AppStore|iPhone.Build.0 = Debug|Any CPU
		{F0217CFC-1E56-4703-AECE-EE4196A59B17}.AppStore|iPhoneSimulator.ActiveCfg = Debug|Any CPU
		{F0217CFC-1E56-4703-AECE-EE4196A59B17}.AppStore|iPhoneSimulator.Build.0 = Debug|Any CPU
		{F0217CFC-1E56-4703-AECE-EE4196A59B17}.Debug|Any CPU.ActiveCfg = Debug|Any CPU
		{F0217CFC-1E56-4703-AECE-EE4196A59B17}.Debug|Any CPU.Build.0 = Debug|Any CPU
		{F0217CFC-1E56-4703-AECE-EE4196A59B17}.Debug|iPhone.ActiveCfg = Debug|Any CPU
		{F0217CFC-1E56-4703-AECE-EE4196A59B17}.Debug|iPhone.Build.0 = Debug|Any CPU
		{F0217CFC-1E56-4703-AECE-EE4196A59B17}.Debug|iPhoneSimulator.ActiveCfg = Debug|Any CPU
		{F0217CFC-1E56-4703-AECE-EE4196A59B17}.Debug|iPhoneSimulator.Build.0 = Debug|Any CPU
		{F0217CFC-1E56-4703-AECE-EE4196A59B17}.Release|Any CPU.ActiveCfg = Release|Any CPU
		{F0217CFC-1E56-4703-AECE-EE4196A59B17}.Release|Any CPU.Build.0 = Release|Any CPU
		{F0217CFC-1E56-4703-AECE-EE4196A59B17}.Release|iPhone.ActiveCfg = Release|Any CPU
		{F0217CFC-1E56-4703-AECE-EE4196A59B17}.Release|iPhone.Build.0 = Release|Any CPU
		{F0217CFC-1E56-4703-AECE-EE4196A59B17}.Release|iPhoneSimulator.ActiveCfg = Release|Any CPU
		{F0217CFC-1E56-4703-AECE-EE4196A59B17}.Release|iPhoneSimulator.Build.0 = Release|Any CPU
		{05EE2696-9D94-4DCE-AD4F-2C1C5C052A57}.Ad-Hoc|Any CPU.ActiveCfg = Release|Any CPU
		{05EE2696-9D94-4DCE-AD4F-2C1C5C052A57}.Ad-Hoc|Any CPU.Build.0 = Release|Any CPU
		{05EE2696-9D94-4DCE-AD4F-2C1C5C052A57}.Ad-Hoc|Any CPU.Deploy.0 = Release|Any CPU
		{05EE2696-9D94-4DCE-AD4F-2C1C5C052A57}.Ad-Hoc|iPhone.ActiveCfg = Release|Any CPU
		{05EE2696-9D94-4DCE-AD4F-2C1C5C052A57}.Ad-Hoc|iPhone.Build.0 = Release|Any CPU
		{05EE2696-9D94-4DCE-AD4F-2C1C5C052A57}.Ad-Hoc|iPhone.Deploy.0 = Release|Any CPU
		{05EE2696-9D94-4DCE-AD4F-2C1C5C052A57}.Ad-Hoc|iPhoneSimulator.ActiveCfg = Release|Any CPU
		{05EE2696-9D94-4DCE-AD4F-2C1C5C052A57}.Ad-Hoc|iPhoneSimulator.Build.0 = Release|Any CPU
		{05EE2696-9D94-4DCE-AD4F-2C1C5C052A57}.Ad-Hoc|iPhoneSimulator.Deploy.0 = Release|Any CPU
		{05EE2696-9D94-4DCE-AD4F-2C1C5C052A57}.AppStore|Any CPU.ActiveCfg = Release|Any CPU
		{05EE2696-9D94-4DCE-AD4F-2C1C5C052A57}.AppStore|Any CPU.Build.0 = Release|Any CPU
		{05EE2696-9D94-4DCE-AD4F-2C1C5C052A57}.AppStore|Any CPU.Deploy.0 = Release|Any CPU
		{05EE2696-9D94-4DCE-AD4F-2C1C5C052A57}.AppStore|iPhone.ActiveCfg = Release|Any CPU
		{05EE2696-9D94-4DCE-AD4F-2C1C5C052A57}.AppStore|iPhone.Build.0 = Release|Any CPU
		{05EE2696-9D94-4DCE-AD4F-2C1C5C052A57}.AppStore|iPhone.Deploy.0 = Release|Any CPU
		{05EE2696-9D94-4DCE-AD4F-2C1C5C052A57}.AppStore|iPhoneSimulator.ActiveCfg = Release|Any CPU
		{05EE2696-9D94-4DCE-AD4F-2C1C5C052A57}.AppStore|iPhoneSimulator.Build.0 = Release|Any CPU
		{05EE2696-9D94-4DCE-AD4F-2C1C5C052A57}.AppStore|iPhoneSimulator.Deploy.0 = Release|Any CPU
		{05EE2696-9D94-4DCE-AD4F-2C1C5C052A57}.Debug|Any CPU.ActiveCfg = Debug|Any CPU
		{05EE2696-9D94-4DCE-AD4F-2C1C5C052A57}.Debug|Any CPU.Build.0 = Debug|Any CPU
		{05EE2696-9D94-4DCE-AD4F-2C1C5C052A57}.Debug|Any CPU.Deploy.0 = Debug|Any CPU
		{05EE2696-9D94-4DCE-AD4F-2C1C5C052A57}.Debug|iPhone.ActiveCfg = Debug|Any CPU
		{05EE2696-9D94-4DCE-AD4F-2C1C5C052A57}.Debug|iPhone.Build.0 = Debug|Any CPU
		{05EE2696-9D94-4DCE-AD4F-2C1C5C052A57}.Debug|iPhone.Deploy.0 = Debug|Any CPU
		{05EE2696-9D94-4DCE-AD4F-2C1C5C052A57}.Debug|iPhoneSimulator.ActiveCfg = Debug|Any CPU
		{05EE2696-9D94-4DCE-AD4F-2C1C5C052A57}.Debug|iPhoneSimulator.Build.0 = Debug|Any CPU
		{05EE2696-9D94-4DCE-AD4F-2C1C5C052A57}.Debug|iPhoneSimulator.Deploy.0 = Debug|Any CPU
		{05EE2696-9D94-4DCE-AD4F-2C1C5C052A57}.Release|Any CPU.ActiveCfg = Release|Any CPU
		{05EE2696-9D94-4DCE-AD4F-2C1C5C052A57}.Release|Any CPU.Build.0 = Release|Any CPU
		{05EE2696-9D94-4DCE-AD4F-2C1C5C052A57}.Release|Any CPU.Deploy.0 = Release|Any CPU
		{05EE2696-9D94-4DCE-AD4F-2C1C5C052A57}.Release|iPhone.ActiveCfg = Release|Any CPU
		{05EE2696-9D94-4DCE-AD4F-2C1C5C052A57}.Release|iPhone.Build.0 = Release|Any CPU
		{05EE2696-9D94-4DCE-AD4F-2C1C5C052A57}.Release|iPhone.Deploy.0 = Release|Any CPU
		{05EE2696-9D94-4DCE-AD4F-2C1C5C052A57}.Release|iPhoneSimulator.ActiveCfg = Release|Any CPU
		{05EE2696-9D94-4DCE-AD4F-2C1C5C052A57}.Release|iPhoneSimulator.Build.0 = Release|Any CPU
		{05EE2696-9D94-4DCE-AD4F-2C1C5C052A57}.Release|iPhoneSimulator.Deploy.0 = Release|Any CPU
		{00023BF2-7D9E-439C-8942-54D3F21E2710}.Ad-Hoc|Any CPU.ActiveCfg = Ad-Hoc|iPhone
		{00023BF2-7D9E-439C-8942-54D3F21E2710}.Ad-Hoc|iPhone.ActiveCfg = Ad-Hoc|iPhone
		{00023BF2-7D9E-439C-8942-54D3F21E2710}.Ad-Hoc|iPhone.Build.0 = Ad-Hoc|iPhone
		{00023BF2-7D9E-439C-8942-54D3F21E2710}.Ad-Hoc|iPhoneSimulator.ActiveCfg = Ad-Hoc|iPhoneSimulator
		{00023BF2-7D9E-439C-8942-54D3F21E2710}.Ad-Hoc|iPhoneSimulator.Build.0 = Ad-Hoc|iPhoneSimulator
		{00023BF2-7D9E-439C-8942-54D3F21E2710}.AppStore|Any CPU.ActiveCfg = AppStore|iPhone
		{00023BF2-7D9E-439C-8942-54D3F21E2710}.AppStore|iPhone.ActiveCfg = AppStore|iPhone
		{00023BF2-7D9E-439C-8942-54D3F21E2710}.AppStore|iPhone.Build.0 = AppStore|iPhone
		{00023BF2-7D9E-439C-8942-54D3F21E2710}.AppStore|iPhoneSimulator.ActiveCfg = AppStore|iPhoneSimulator
		{00023BF2-7D9E-439C-8942-54D3F21E2710}.AppStore|iPhoneSimulator.Build.0 = AppStore|iPhoneSimulator
		{00023BF2-7D9E-439C-8942-54D3F21E2710}.Debug|Any CPU.ActiveCfg = Debug|iPhone
		{00023BF2-7D9E-439C-8942-54D3F21E2710}.Debug|iPhone.ActiveCfg = Debug|iPhone
		{00023BF2-7D9E-439C-8942-54D3F21E2710}.Debug|iPhone.Build.0 = Debug|iPhone
		{00023BF2-7D9E-439C-8942-54D3F21E2710}.Debug|iPhoneSimulator.ActiveCfg = Debug|iPhoneSimulator
		{00023BF2-7D9E-439C-8942-54D3F21E2710}.Debug|iPhoneSimulator.Build.0 = Debug|iPhoneSimulator
		{00023BF2-7D9E-439C-8942-54D3F21E2710}.Release|Any CPU.ActiveCfg = Release|iPhone
		{00023BF2-7D9E-439C-8942-54D3F21E2710}.Release|iPhone.ActiveCfg = Release|iPhone
		{00023BF2-7D9E-439C-8942-54D3F21E2710}.Release|iPhone.Build.0 = Release|iPhone
		{00023BF2-7D9E-439C-8942-54D3F21E2710}.Release|iPhoneSimulator.ActiveCfg = Release|iPhoneSimulator
		{00023BF2-7D9E-439C-8942-54D3F21E2710}.Release|iPhoneSimulator.Build.0 = Release|iPhoneSimulator
		{55FF3B02-07D1-46F3-B0D5-584D3B98467E}.Ad-Hoc|Any CPU.ActiveCfg = Release|Any CPU
		{55FF3B02-07D1-46F3-B0D5-584D3B98467E}.Ad-Hoc|Any CPU.Build.0 = Release|Any CPU
		{55FF3B02-07D1-46F3-B0D5-584D3B98467E}.Ad-Hoc|iPhone.ActiveCfg = Release|Any CPU
		{55FF3B02-07D1-46F3-B0D5-584D3B98467E}.Ad-Hoc|iPhone.Build.0 = Release|Any CPU
		{55FF3B02-07D1-46F3-B0D5-584D3B98467E}.Ad-Hoc|iPhoneSimulator.ActiveCfg = Release|Any CPU
		{55FF3B02-07D1-46F3-B0D5-584D3B98467E}.Ad-Hoc|iPhoneSimulator.Build.0 = Release|Any CPU
		{55FF3B02-07D1-46F3-B0D5-584D3B98467E}.AppStore|Any CPU.ActiveCfg = Release|Any CPU
		{55FF3B02-07D1-46F3-B0D5-584D3B98467E}.AppStore|Any CPU.Build.0 = Release|Any CPU
		{55FF3B02-07D1-46F3-B0D5-584D3B98467E}.AppStore|iPhone.ActiveCfg = Release|Any CPU
		{55FF3B02-07D1-46F3-B0D5-584D3B98467E}.AppStore|iPhone.Build.0 = Release|Any CPU
		{55FF3B02-07D1-46F3-B0D5-584D3B98467E}.AppStore|iPhoneSimulator.ActiveCfg = Release|Any CPU
		{55FF3B02-07D1-46F3-B0D5-584D3B98467E}.AppStore|iPhoneSimulator.Build.0 = Release|Any CPU
		{55FF3B02-07D1-46F3-B0D5-584D3B98467E}.Debug|Any CPU.ActiveCfg = Debug|Any CPU
		{55FF3B02-07D1-46F3-B0D5-584D3B98467E}.Debug|Any CPU.Build.0 = Debug|Any CPU
		{55FF3B02-07D1-46F3-B0D5-584D3B98467E}.Debug|iPhone.ActiveCfg = Debug|Any CPU
		{55FF3B02-07D1-46F3-B0D5-584D3B98467E}.Debug|iPhone.Build.0 = Debug|Any CPU
		{55FF3B02-07D1-46F3-B0D5-584D3B98467E}.Debug|iPhoneSimulator.ActiveCfg = Debug|Any CPU
		{55FF3B02-07D1-46F3-B0D5-584D3B98467E}.Debug|iPhoneSimulator.Build.0 = Debug|Any CPU
		{55FF3B02-07D1-46F3-B0D5-584D3B98467E}.Release|Any CPU.ActiveCfg = Release|Any CPU
		{55FF3B02-07D1-46F3-B0D5-584D3B98467E}.Release|Any CPU.Build.0 = Release|Any CPU
		{55FF3B02-07D1-46F3-B0D5-584D3B98467E}.Release|iPhone.ActiveCfg = Release|Any CPU
		{55FF3B02-07D1-46F3-B0D5-584D3B98467E}.Release|iPhone.Build.0 = Release|Any CPU
		{55FF3B02-07D1-46F3-B0D5-584D3B98467E}.Release|iPhoneSimulator.ActiveCfg = Release|Any CPU
		{55FF3B02-07D1-46F3-B0D5-584D3B98467E}.Release|iPhoneSimulator.Build.0 = Release|Any CPU
		{49AB0AE8-D54A-4C4A-A0B2-45CAD81F9EBE}.Ad-Hoc|Any CPU.ActiveCfg = Release|Any CPU
		{49AB0AE8-D54A-4C4A-A0B2-45CAD81F9EBE}.Ad-Hoc|Any CPU.Build.0 = Release|Any CPU
		{49AB0AE8-D54A-4C4A-A0B2-45CAD81F9EBE}.Ad-Hoc|iPhone.ActiveCfg = Release|Any CPU
		{49AB0AE8-D54A-4C4A-A0B2-45CAD81F9EBE}.Ad-Hoc|iPhone.Build.0 = Release|Any CPU
		{49AB0AE8-D54A-4C4A-A0B2-45CAD81F9EBE}.Ad-Hoc|iPhoneSimulator.ActiveCfg = Release|Any CPU
		{49AB0AE8-D54A-4C4A-A0B2-45CAD81F9EBE}.Ad-Hoc|iPhoneSimulator.Build.0 = Release|Any CPU
		{49AB0AE8-D54A-4C4A-A0B2-45CAD81F9EBE}.AppStore|Any CPU.ActiveCfg = Release|Any CPU
		{49AB0AE8-D54A-4C4A-A0B2-45CAD81F9EBE}.AppStore|Any CPU.Build.0 = Release|Any CPU
		{49AB0AE8-D54A-4C4A-A0B2-45CAD81F9EBE}.AppStore|iPhone.ActiveCfg = Release|Any CPU
		{49AB0AE8-D54A-4C4A-A0B2-45CAD81F9EBE}.AppStore|iPhone.Build.0 = Release|Any CPU
		{49AB0AE8-D54A-4C4A-A0B2-45CAD81F9EBE}.AppStore|iPhoneSimulator.ActiveCfg = Release|Any CPU
		{49AB0AE8-D54A-4C4A-A0B2-45CAD81F9EBE}.AppStore|iPhoneSimulator.Build.0 = Release|Any CPU
		{49AB0AE8-D54A-4C4A-A0B2-45CAD81F9EBE}.Debug|Any CPU.ActiveCfg = Debug|Any CPU
		{49AB0AE8-D54A-4C4A-A0B2-45CAD81F9EBE}.Debug|Any CPU.Build.0 = Debug|Any CPU
		{49AB0AE8-D54A-4C4A-A0B2-45CAD81F9EBE}.Debug|iPhone.ActiveCfg = Debug|Any CPU
		{49AB0AE8-D54A-4C4A-A0B2-45CAD81F9EBE}.Debug|iPhone.Build.0 = Debug|Any CPU
		{49AB0AE8-D54A-4C4A-A0B2-45CAD81F9EBE}.Debug|iPhoneSimulator.ActiveCfg = Debug|Any CPU
		{49AB0AE8-D54A-4C4A-A0B2-45CAD81F9EBE}.Debug|iPhoneSimulator.Build.0 = Debug|Any CPU
		{49AB0AE8-D54A-4C4A-A0B2-45CAD81F9EBE}.Release|Any CPU.ActiveCfg = Release|Any CPU
		{49AB0AE8-D54A-4C4A-A0B2-45CAD81F9EBE}.Release|Any CPU.Build.0 = Release|Any CPU
		{49AB0AE8-D54A-4C4A-A0B2-45CAD81F9EBE}.Release|iPhone.ActiveCfg = Release|Any CPU
		{49AB0AE8-D54A-4C4A-A0B2-45CAD81F9EBE}.Release|iPhone.Build.0 = Release|Any CPU
		{49AB0AE8-D54A-4C4A-A0B2-45CAD81F9EBE}.Release|iPhoneSimulator.ActiveCfg = Release|Any CPU
		{49AB0AE8-D54A-4C4A-A0B2-45CAD81F9EBE}.Release|iPhoneSimulator.Build.0 = Release|Any CPU
		{CBB87B9E-D526-46B1-B05A-AD3D383EACED}.Ad-Hoc|Any CPU.ActiveCfg = Release|Any CPU
		{CBB87B9E-D526-46B1-B05A-AD3D383EACED}.Ad-Hoc|Any CPU.Build.0 = Release|Any CPU
		{CBB87B9E-D526-46B1-B05A-AD3D383EACED}.Ad-Hoc|iPhone.ActiveCfg = Release|Any CPU
		{CBB87B9E-D526-46B1-B05A-AD3D383EACED}.Ad-Hoc|iPhone.Build.0 = Release|Any CPU
		{CBB87B9E-D526-46B1-B05A-AD3D383EACED}.Ad-Hoc|iPhoneSimulator.ActiveCfg = Release|Any CPU
		{CBB87B9E-D526-46B1-B05A-AD3D383EACED}.Ad-Hoc|iPhoneSimulator.Build.0 = Release|Any CPU
		{CBB87B9E-D526-46B1-B05A-AD3D383EACED}.AppStore|Any CPU.ActiveCfg = Release|Any CPU
		{CBB87B9E-D526-46B1-B05A-AD3D383EACED}.AppStore|Any CPU.Build.0 = Release|Any CPU
		{CBB87B9E-D526-46B1-B05A-AD3D383EACED}.AppStore|iPhone.ActiveCfg = Release|Any CPU
		{CBB87B9E-D526-46B1-B05A-AD3D383EACED}.AppStore|iPhone.Build.0 = Release|Any CPU
		{CBB87B9E-D526-46B1-B05A-AD3D383EACED}.AppStore|iPhoneSimulator.ActiveCfg = Release|Any CPU
		{CBB87B9E-D526-46B1-B05A-AD3D383EACED}.AppStore|iPhoneSimulator.Build.0 = Release|Any CPU
		{CBB87B9E-D526-46B1-B05A-AD3D383EACED}.Debug|Any CPU.ActiveCfg = Debug|Any CPU
		{CBB87B9E-D526-46B1-B05A-AD3D383EACED}.Debug|Any CPU.Build.0 = Debug|Any CPU
		{CBB87B9E-D526-46B1-B05A-AD3D383EACED}.Debug|iPhone.ActiveCfg = Debug|Any CPU
		{CBB87B9E-D526-46B1-B05A-AD3D383EACED}.Debug|iPhone.Build.0 = Debug|Any CPU
		{CBB87B9E-D526-46B1-B05A-AD3D383EACED}.Debug|iPhoneSimulator.ActiveCfg = Debug|Any CPU
		{CBB87B9E-D526-46B1-B05A-AD3D383EACED}.Debug|iPhoneSimulator.Build.0 = Debug|Any CPU
		{CBB87B9E-D526-46B1-B05A-AD3D383EACED}.Release|Any CPU.ActiveCfg = Release|Any CPU
		{CBB87B9E-D526-46B1-B05A-AD3D383EACED}.Release|Any CPU.Build.0 = Release|Any CPU
		{CBB87B9E-D526-46B1-B05A-AD3D383EACED}.Release|iPhone.ActiveCfg = Release|Any CPU
		{CBB87B9E-D526-46B1-B05A-AD3D383EACED}.Release|iPhone.Build.0 = Release|Any CPU
		{CBB87B9E-D526-46B1-B05A-AD3D383EACED}.Release|iPhoneSimulator.ActiveCfg = Release|Any CPU
		{CBB87B9E-D526-46B1-B05A-AD3D383EACED}.Release|iPhoneSimulator.Build.0 = Release|Any CPU
		{ACEB8935-989F-46CA-8F0F-FBA3B358C70C}.Ad-Hoc|Any CPU.ActiveCfg = Release|Any CPU
		{ACEB8935-989F-46CA-8F0F-FBA3B358C70C}.Ad-Hoc|Any CPU.Build.0 = Release|Any CPU
		{ACEB8935-989F-46CA-8F0F-FBA3B358C70C}.Ad-Hoc|iPhone.ActiveCfg = Release|Any CPU
		{ACEB8935-989F-46CA-8F0F-FBA3B358C70C}.Ad-Hoc|iPhone.Build.0 = Release|Any CPU
		{ACEB8935-989F-46CA-8F0F-FBA3B358C70C}.Ad-Hoc|iPhoneSimulator.ActiveCfg = Release|Any CPU
		{ACEB8935-989F-46CA-8F0F-FBA3B358C70C}.Ad-Hoc|iPhoneSimulator.Build.0 = Release|Any CPU
		{ACEB8935-989F-46CA-8F0F-FBA3B358C70C}.AppStore|Any CPU.ActiveCfg = Release|Any CPU
		{ACEB8935-989F-46CA-8F0F-FBA3B358C70C}.AppStore|Any CPU.Build.0 = Release|Any CPU
		{ACEB8935-989F-46CA-8F0F-FBA3B358C70C}.AppStore|iPhone.ActiveCfg = Release|Any CPU
		{ACEB8935-989F-46CA-8F0F-FBA3B358C70C}.AppStore|iPhone.Build.0 = Release|Any CPU
		{ACEB8935-989F-46CA-8F0F-FBA3B358C70C}.AppStore|iPhoneSimulator.ActiveCfg = Release|Any CPU
		{ACEB8935-989F-46CA-8F0F-FBA3B358C70C}.AppStore|iPhoneSimulator.Build.0 = Release|Any CPU
		{ACEB8935-989F-46CA-8F0F-FBA3B358C70C}.Debug|Any CPU.ActiveCfg = Debug|Any CPU
		{ACEB8935-989F-46CA-8F0F-FBA3B358C70C}.Debug|Any CPU.Build.0 = Debug|Any CPU
		{ACEB8935-989F-46CA-8F0F-FBA3B358C70C}.Debug|iPhone.ActiveCfg = Debug|Any CPU
		{ACEB8935-989F-46CA-8F0F-FBA3B358C70C}.Debug|iPhone.Build.0 = Debug|Any CPU
		{ACEB8935-989F-46CA-8F0F-FBA3B358C70C}.Debug|iPhoneSimulator.ActiveCfg = Debug|Any CPU
		{ACEB8935-989F-46CA-8F0F-FBA3B358C70C}.Debug|iPhoneSimulator.Build.0 = Debug|Any CPU
		{ACEB8935-989F-46CA-8F0F-FBA3B358C70C}.Release|Any CPU.ActiveCfg = Release|Any CPU
		{ACEB8935-989F-46CA-8F0F-FBA3B358C70C}.Release|Any CPU.Build.0 = Release|Any CPU
		{ACEB8935-989F-46CA-8F0F-FBA3B358C70C}.Release|iPhone.ActiveCfg = Release|Any CPU
		{ACEB8935-989F-46CA-8F0F-FBA3B358C70C}.Release|iPhone.Build.0 = Release|Any CPU
		{ACEB8935-989F-46CA-8F0F-FBA3B358C70C}.Release|iPhoneSimulator.ActiveCfg = Release|Any CPU
		{ACEB8935-989F-46CA-8F0F-FBA3B358C70C}.Release|iPhoneSimulator.Build.0 = Release|Any CPU
		{A01DBE99-3BDE-4C44-AFF7-2B00B9F961BB}.Ad-Hoc|Any CPU.ActiveCfg = Release|Any CPU
		{A01DBE99-3BDE-4C44-AFF7-2B00B9F961BB}.Ad-Hoc|Any CPU.Build.0 = Release|Any CPU
		{A01DBE99-3BDE-4C44-AFF7-2B00B9F961BB}.Ad-Hoc|iPhone.ActiveCfg = Release|Any CPU
		{A01DBE99-3BDE-4C44-AFF7-2B00B9F961BB}.Ad-Hoc|iPhone.Build.0 = Release|Any CPU
		{A01DBE99-3BDE-4C44-AFF7-2B00B9F961BB}.Ad-Hoc|iPhoneSimulator.ActiveCfg = Release|Any CPU
		{A01DBE99-3BDE-4C44-AFF7-2B00B9F961BB}.Ad-Hoc|iPhoneSimulator.Build.0 = Release|Any CPU
		{A01DBE99-3BDE-4C44-AFF7-2B00B9F961BB}.AppStore|Any CPU.ActiveCfg = Release|Any CPU
		{A01DBE99-3BDE-4C44-AFF7-2B00B9F961BB}.AppStore|Any CPU.Build.0 = Release|Any CPU
		{A01DBE99-3BDE-4C44-AFF7-2B00B9F961BB}.AppStore|iPhone.ActiveCfg = Release|Any CPU
		{A01DBE99-3BDE-4C44-AFF7-2B00B9F961BB}.AppStore|iPhone.Build.0 = Release|Any CPU
		{A01DBE99-3BDE-4C44-AFF7-2B00B9F961BB}.AppStore|iPhoneSimulator.ActiveCfg = Release|Any CPU
		{A01DBE99-3BDE-4C44-AFF7-2B00B9F961BB}.AppStore|iPhoneSimulator.Build.0 = Release|Any CPU
		{A01DBE99-3BDE-4C44-AFF7-2B00B9F961BB}.Debug|Any CPU.ActiveCfg = Debug|Any CPU
		{A01DBE99-3BDE-4C44-AFF7-2B00B9F961BB}.Debug|Any CPU.Build.0 = Debug|Any CPU
		{A01DBE99-3BDE-4C44-AFF7-2B00B9F961BB}.Debug|iPhone.ActiveCfg = Debug|Any CPU
		{A01DBE99-3BDE-4C44-AFF7-2B00B9F961BB}.Debug|iPhone.Build.0 = Debug|Any CPU
		{A01DBE99-3BDE-4C44-AFF7-2B00B9F961BB}.Debug|iPhoneSimulator.ActiveCfg = Debug|Any CPU
		{A01DBE99-3BDE-4C44-AFF7-2B00B9F961BB}.Debug|iPhoneSimulator.Build.0 = Debug|Any CPU
		{A01DBE99-3BDE-4C44-AFF7-2B00B9F961BB}.Release|Any CPU.ActiveCfg = Release|Any CPU
		{A01DBE99-3BDE-4C44-AFF7-2B00B9F961BB}.Release|Any CPU.Build.0 = Release|Any CPU
		{A01DBE99-3BDE-4C44-AFF7-2B00B9F961BB}.Release|iPhone.ActiveCfg = Release|Any CPU
		{A01DBE99-3BDE-4C44-AFF7-2B00B9F961BB}.Release|iPhone.Build.0 = Release|Any CPU
		{A01DBE99-3BDE-4C44-AFF7-2B00B9F961BB}.Release|iPhoneSimulator.ActiveCfg = Release|Any CPU
		{A01DBE99-3BDE-4C44-AFF7-2B00B9F961BB}.Release|iPhoneSimulator.Build.0 = Release|Any CPU
		{5AA00B29-4CF4-4356-A453-AFCBBEE26114}.Ad-Hoc|Any CPU.ActiveCfg = Debug|iPhoneSimulator
		{5AA00B29-4CF4-4356-A453-AFCBBEE26114}.Ad-Hoc|Any CPU.Build.0 = Debug|iPhoneSimulator
		{5AA00B29-4CF4-4356-A453-AFCBBEE26114}.Ad-Hoc|iPhone.ActiveCfg = Release|iPhone
		{5AA00B29-4CF4-4356-A453-AFCBBEE26114}.Ad-Hoc|iPhone.Build.0 = Release|iPhone
		{5AA00B29-4CF4-4356-A453-AFCBBEE26114}.Ad-Hoc|iPhoneSimulator.ActiveCfg = Debug|iPhoneSimulator
		{5AA00B29-4CF4-4356-A453-AFCBBEE26114}.Ad-Hoc|iPhoneSimulator.Build.0 = Debug|iPhoneSimulator
		{5AA00B29-4CF4-4356-A453-AFCBBEE26114}.AppStore|Any CPU.ActiveCfg = Debug|iPhoneSimulator
		{5AA00B29-4CF4-4356-A453-AFCBBEE26114}.AppStore|Any CPU.Build.0 = Debug|iPhoneSimulator
		{5AA00B29-4CF4-4356-A453-AFCBBEE26114}.AppStore|iPhone.ActiveCfg = Release|iPhone
		{5AA00B29-4CF4-4356-A453-AFCBBEE26114}.AppStore|iPhone.Build.0 = Release|iPhone
		{5AA00B29-4CF4-4356-A453-AFCBBEE26114}.AppStore|iPhoneSimulator.ActiveCfg = Debug|iPhoneSimulator
		{5AA00B29-4CF4-4356-A453-AFCBBEE26114}.AppStore|iPhoneSimulator.Build.0 = Debug|iPhoneSimulator
		{5AA00B29-4CF4-4356-A453-AFCBBEE26114}.Debug|Any CPU.ActiveCfg = Debug|iPhoneSimulator
		{5AA00B29-4CF4-4356-A453-AFCBBEE26114}.Debug|Any CPU.Build.0 = Debug|iPhoneSimulator
		{5AA00B29-4CF4-4356-A453-AFCBBEE26114}.Debug|iPhone.ActiveCfg = Debug|iPhone
		{5AA00B29-4CF4-4356-A453-AFCBBEE26114}.Debug|iPhone.Build.0 = Debug|iPhone
		{5AA00B29-4CF4-4356-A453-AFCBBEE26114}.Debug|iPhoneSimulator.ActiveCfg = Debug|iPhoneSimulator
		{5AA00B29-4CF4-4356-A453-AFCBBEE26114}.Debug|iPhoneSimulator.Build.0 = Debug|iPhoneSimulator
		{5AA00B29-4CF4-4356-A453-AFCBBEE26114}.Release|Any CPU.ActiveCfg = Release|iPhone
		{5AA00B29-4CF4-4356-A453-AFCBBEE26114}.Release|Any CPU.Build.0 = Release|iPhone
		{5AA00B29-4CF4-4356-A453-AFCBBEE26114}.Release|iPhone.ActiveCfg = Release|iPhone
		{5AA00B29-4CF4-4356-A453-AFCBBEE26114}.Release|iPhone.Build.0 = Release|iPhone
		{5AA00B29-4CF4-4356-A453-AFCBBEE26114}.Release|iPhoneSimulator.ActiveCfg = Release|iPhoneSimulator
		{5AA00B29-4CF4-4356-A453-AFCBBEE26114}.Release|iPhoneSimulator.Build.0 = Release|iPhoneSimulator
		{AA2048E3-2324-4922-A7FE-C0589AF4B74F}.Ad-Hoc|Any CPU.ActiveCfg = Release|Any CPU
		{AA2048E3-2324-4922-A7FE-C0589AF4B74F}.Ad-Hoc|Any CPU.Build.0 = Release|Any CPU
		{AA2048E3-2324-4922-A7FE-C0589AF4B74F}.Ad-Hoc|iPhone.ActiveCfg = Release|Any CPU
		{AA2048E3-2324-4922-A7FE-C0589AF4B74F}.Ad-Hoc|iPhone.Build.0 = Release|Any CPU
		{AA2048E3-2324-4922-A7FE-C0589AF4B74F}.Ad-Hoc|iPhoneSimulator.ActiveCfg = Release|Any CPU
		{AA2048E3-2324-4922-A7FE-C0589AF4B74F}.Ad-Hoc|iPhoneSimulator.Build.0 = Release|Any CPU
		{AA2048E3-2324-4922-A7FE-C0589AF4B74F}.AppStore|Any CPU.ActiveCfg = Release|Any CPU
		{AA2048E3-2324-4922-A7FE-C0589AF4B74F}.AppStore|Any CPU.Build.0 = Release|Any CPU
		{AA2048E3-2324-4922-A7FE-C0589AF4B74F}.AppStore|iPhone.ActiveCfg = Release|Any CPU
		{AA2048E3-2324-4922-A7FE-C0589AF4B74F}.AppStore|iPhone.Build.0 = Release|Any CPU
		{AA2048E3-2324-4922-A7FE-C0589AF4B74F}.AppStore|iPhoneSimulator.ActiveCfg = Release|Any CPU
		{AA2048E3-2324-4922-A7FE-C0589AF4B74F}.AppStore|iPhoneSimulator.Build.0 = Release|Any CPU
		{AA2048E3-2324-4922-A7FE-C0589AF4B74F}.Debug|Any CPU.ActiveCfg = Debug|Any CPU
		{AA2048E3-2324-4922-A7FE-C0589AF4B74F}.Debug|Any CPU.Build.0 = Debug|Any CPU
		{AA2048E3-2324-4922-A7FE-C0589AF4B74F}.Debug|iPhone.ActiveCfg = Debug|Any CPU
		{AA2048E3-2324-4922-A7FE-C0589AF4B74F}.Debug|iPhone.Build.0 = Debug|Any CPU
		{AA2048E3-2324-4922-A7FE-C0589AF4B74F}.Debug|iPhoneSimulator.ActiveCfg = Debug|Any CPU
		{AA2048E3-2324-4922-A7FE-C0589AF4B74F}.Debug|iPhoneSimulator.Build.0 = Debug|Any CPU
		{AA2048E3-2324-4922-A7FE-C0589AF4B74F}.Release|Any CPU.ActiveCfg = Release|Any CPU
		{AA2048E3-2324-4922-A7FE-C0589AF4B74F}.Release|Any CPU.Build.0 = Release|Any CPU
		{AA2048E3-2324-4922-A7FE-C0589AF4B74F}.Release|iPhone.ActiveCfg = Release|Any CPU
		{AA2048E3-2324-4922-A7FE-C0589AF4B74F}.Release|iPhone.Build.0 = Release|Any CPU
		{AA2048E3-2324-4922-A7FE-C0589AF4B74F}.Release|iPhoneSimulator.ActiveCfg = Release|Any CPU
		{AA2048E3-2324-4922-A7FE-C0589AF4B74F}.Release|iPhoneSimulator.Build.0 = Release|Any CPU
		{4C856B1A-CE05-4880-B315-D3D3FEA3B3CC}.Ad-Hoc|Any CPU.ActiveCfg = Release|Any CPU
		{4C856B1A-CE05-4880-B315-D3D3FEA3B3CC}.Ad-Hoc|Any CPU.Build.0 = Release|Any CPU
		{4C856B1A-CE05-4880-B315-D3D3FEA3B3CC}.Ad-Hoc|iPhone.ActiveCfg = Release|Any CPU
		{4C856B1A-CE05-4880-B315-D3D3FEA3B3CC}.Ad-Hoc|iPhone.Build.0 = Release|Any CPU
		{4C856B1A-CE05-4880-B315-D3D3FEA3B3CC}.Ad-Hoc|iPhoneSimulator.ActiveCfg = Release|Any CPU
		{4C856B1A-CE05-4880-B315-D3D3FEA3B3CC}.Ad-Hoc|iPhoneSimulator.Build.0 = Release|Any CPU
		{4C856B1A-CE05-4880-B315-D3D3FEA3B3CC}.AppStore|Any CPU.ActiveCfg = Release|Any CPU
		{4C856B1A-CE05-4880-B315-D3D3FEA3B3CC}.AppStore|Any CPU.Build.0 = Release|Any CPU
		{4C856B1A-CE05-4880-B315-D3D3FEA3B3CC}.AppStore|iPhone.ActiveCfg = Release|Any CPU
		{4C856B1A-CE05-4880-B315-D3D3FEA3B3CC}.AppStore|iPhone.Build.0 = Release|Any CPU
		{4C856B1A-CE05-4880-B315-D3D3FEA3B3CC}.AppStore|iPhoneSimulator.ActiveCfg = Release|Any CPU
		{4C856B1A-CE05-4880-B315-D3D3FEA3B3CC}.AppStore|iPhoneSimulator.Build.0 = Release|Any CPU
		{4C856B1A-CE05-4880-B315-D3D3FEA3B3CC}.Debug|Any CPU.ActiveCfg = Debug|Any CPU
		{4C856B1A-CE05-4880-B315-D3D3FEA3B3CC}.Debug|Any CPU.Build.0 = Debug|Any CPU
		{4C856B1A-CE05-4880-B315-D3D3FEA3B3CC}.Debug|iPhone.ActiveCfg = Debug|Any CPU
		{4C856B1A-CE05-4880-B315-D3D3FEA3B3CC}.Debug|iPhone.Build.0 = Debug|Any CPU
		{4C856B1A-CE05-4880-B315-D3D3FEA3B3CC}.Debug|iPhoneSimulator.ActiveCfg = Debug|Any CPU
		{4C856B1A-CE05-4880-B315-D3D3FEA3B3CC}.Debug|iPhoneSimulator.Build.0 = Debug|Any CPU
		{4C856B1A-CE05-4880-B315-D3D3FEA3B3CC}.Release|Any CPU.ActiveCfg = Release|Any CPU
		{4C856B1A-CE05-4880-B315-D3D3FEA3B3CC}.Release|Any CPU.Build.0 = Release|Any CPU
		{4C856B1A-CE05-4880-B315-D3D3FEA3B3CC}.Release|iPhone.ActiveCfg = Release|Any CPU
		{4C856B1A-CE05-4880-B315-D3D3FEA3B3CC}.Release|iPhone.Build.0 = Release|Any CPU
		{4C856B1A-CE05-4880-B315-D3D3FEA3B3CC}.Release|iPhoneSimulator.ActiveCfg = Release|Any CPU
		{4C856B1A-CE05-4880-B315-D3D3FEA3B3CC}.Release|iPhoneSimulator.Build.0 = Release|Any CPU
		{FABACD6F-AA16-47B2-96CD-6790DF9AE77F}.Ad-Hoc|Any CPU.ActiveCfg = Release|Any CPU
		{FABACD6F-AA16-47B2-96CD-6790DF9AE77F}.Ad-Hoc|Any CPU.Build.0 = Release|Any CPU
		{FABACD6F-AA16-47B2-96CD-6790DF9AE77F}.Ad-Hoc|iPhone.ActiveCfg = Release|Any CPU
		{FABACD6F-AA16-47B2-96CD-6790DF9AE77F}.Ad-Hoc|iPhone.Build.0 = Release|Any CPU
		{FABACD6F-AA16-47B2-96CD-6790DF9AE77F}.Ad-Hoc|iPhoneSimulator.ActiveCfg = Release|Any CPU
		{FABACD6F-AA16-47B2-96CD-6790DF9AE77F}.Ad-Hoc|iPhoneSimulator.Build.0 = Release|Any CPU
		{FABACD6F-AA16-47B2-96CD-6790DF9AE77F}.AppStore|Any CPU.ActiveCfg = Release|Any CPU
		{FABACD6F-AA16-47B2-96CD-6790DF9AE77F}.AppStore|Any CPU.Build.0 = Release|Any CPU
		{FABACD6F-AA16-47B2-96CD-6790DF9AE77F}.AppStore|iPhone.ActiveCfg = Release|Any CPU
		{FABACD6F-AA16-47B2-96CD-6790DF9AE77F}.AppStore|iPhone.Build.0 = Release|Any CPU
		{FABACD6F-AA16-47B2-96CD-6790DF9AE77F}.AppStore|iPhoneSimulator.ActiveCfg = Release|Any CPU
		{FABACD6F-AA16-47B2-96CD-6790DF9AE77F}.AppStore|iPhoneSimulator.Build.0 = Release|Any CPU
		{FABACD6F-AA16-47B2-96CD-6790DF9AE77F}.Debug|Any CPU.ActiveCfg = Debug|Any CPU
		{FABACD6F-AA16-47B2-96CD-6790DF9AE77F}.Debug|Any CPU.Build.0 = Debug|Any CPU
		{FABACD6F-AA16-47B2-96CD-6790DF9AE77F}.Debug|iPhone.ActiveCfg = Debug|Any CPU
		{FABACD6F-AA16-47B2-96CD-6790DF9AE77F}.Debug|iPhone.Build.0 = Debug|Any CPU
		{FABACD6F-AA16-47B2-96CD-6790DF9AE77F}.Debug|iPhoneSimulator.ActiveCfg = Debug|Any CPU
		{FABACD6F-AA16-47B2-96CD-6790DF9AE77F}.Debug|iPhoneSimulator.Build.0 = Debug|Any CPU
		{FABACD6F-AA16-47B2-96CD-6790DF9AE77F}.Release|Any CPU.ActiveCfg = Release|Any CPU
		{FABACD6F-AA16-47B2-96CD-6790DF9AE77F}.Release|Any CPU.Build.0 = Release|Any CPU
		{FABACD6F-AA16-47B2-96CD-6790DF9AE77F}.Release|iPhone.ActiveCfg = Release|Any CPU
		{FABACD6F-AA16-47B2-96CD-6790DF9AE77F}.Release|iPhone.Build.0 = Release|Any CPU
		{FABACD6F-AA16-47B2-96CD-6790DF9AE77F}.Release|iPhoneSimulator.ActiveCfg = Release|Any CPU
		{FABACD6F-AA16-47B2-96CD-6790DF9AE77F}.Release|iPhoneSimulator.Build.0 = Release|Any CPU
		{80FF713F-79B9-499F-BC7D-3D8BE23C8702}.Ad-Hoc|Any CPU.ActiveCfg = Release|Any CPU
		{80FF713F-79B9-499F-BC7D-3D8BE23C8702}.Ad-Hoc|Any CPU.Build.0 = Release|Any CPU
		{80FF713F-79B9-499F-BC7D-3D8BE23C8702}.Ad-Hoc|iPhone.ActiveCfg = Release|Any CPU
		{80FF713F-79B9-499F-BC7D-3D8BE23C8702}.Ad-Hoc|iPhone.Build.0 = Release|Any CPU
		{80FF713F-79B9-499F-BC7D-3D8BE23C8702}.Ad-Hoc|iPhoneSimulator.ActiveCfg = Release|Any CPU
		{80FF713F-79B9-499F-BC7D-3D8BE23C8702}.Ad-Hoc|iPhoneSimulator.Build.0 = Release|Any CPU
		{80FF713F-79B9-499F-BC7D-3D8BE23C8702}.AppStore|Any CPU.ActiveCfg = Release|Any CPU
		{80FF713F-79B9-499F-BC7D-3D8BE23C8702}.AppStore|Any CPU.Build.0 = Release|Any CPU
		{80FF713F-79B9-499F-BC7D-3D8BE23C8702}.AppStore|iPhone.ActiveCfg = Release|Any CPU
		{80FF713F-79B9-499F-BC7D-3D8BE23C8702}.AppStore|iPhone.Build.0 = Release|Any CPU
		{80FF713F-79B9-499F-BC7D-3D8BE23C8702}.AppStore|iPhoneSimulator.ActiveCfg = Release|Any CPU
		{80FF713F-79B9-499F-BC7D-3D8BE23C8702}.AppStore|iPhoneSimulator.Build.0 = Release|Any CPU
		{80FF713F-79B9-499F-BC7D-3D8BE23C8702}.Debug|Any CPU.ActiveCfg = Debug|Any CPU
		{80FF713F-79B9-499F-BC7D-3D8BE23C8702}.Debug|Any CPU.Build.0 = Debug|Any CPU
		{80FF713F-79B9-499F-BC7D-3D8BE23C8702}.Debug|iPhone.ActiveCfg = Debug|Any CPU
		{80FF713F-79B9-499F-BC7D-3D8BE23C8702}.Debug|iPhone.Build.0 = Debug|Any CPU
		{80FF713F-79B9-499F-BC7D-3D8BE23C8702}.Debug|iPhoneSimulator.ActiveCfg = Debug|Any CPU
		{80FF713F-79B9-499F-BC7D-3D8BE23C8702}.Debug|iPhoneSimulator.Build.0 = Debug|Any CPU
		{80FF713F-79B9-499F-BC7D-3D8BE23C8702}.Release|Any CPU.ActiveCfg = Release|Any CPU
		{80FF713F-79B9-499F-BC7D-3D8BE23C8702}.Release|Any CPU.Build.0 = Release|Any CPU
		{80FF713F-79B9-499F-BC7D-3D8BE23C8702}.Release|iPhone.ActiveCfg = Release|Any CPU
		{80FF713F-79B9-499F-BC7D-3D8BE23C8702}.Release|iPhone.Build.0 = Release|Any CPU
		{80FF713F-79B9-499F-BC7D-3D8BE23C8702}.Release|iPhoneSimulator.ActiveCfg = Release|Any CPU
		{80FF713F-79B9-499F-BC7D-3D8BE23C8702}.Release|iPhoneSimulator.Build.0 = Release|Any CPU
	EndGlobalSection
	GlobalSection(SolutionProperties) = preSolution
		HideSolutionNode = FALSE
	EndGlobalSection
	GlobalSection(NestedProjects) = preSolution
		{5E5A91D6-B099-42B8-99E8-36B90500C547} = {A285E378-F426-4442-84D2-E1560EC62D31}
		{19494A1B-871E-4ED5-BEFF-1F4C08851BDA} = {5E5A91D6-B099-42B8-99E8-36B90500C547}
	EndGlobalSection
	GlobalSection(ExtensibilityGlobals) = postSolution
		SolutionGuid = {79D6396E-B928-4EA0-B8E9-3256255869BB}
	EndGlobalSection
EndGlobal
