
Microsoft Visual Studio Solution File, Format Version 12.00
# Visual Studio 15
VisualStudioVersion = 15.0.27130.2027
MinimumVisualStudioVersion = 10.0.40219.1
Project("{FAE04EC0-301F-11D3-BF4B-00C04F79EFBC}") = "aerogear-xamarin-sdk", "aerogear-xamarin-sdk\aerogear-xamarin-sdk.csproj", "{F3CEAF1A-1384-4754-9DB7-513B720A56F2}"
EndProject
Project("{FAE04EC0-301F-11D3-BF4B-00C04F79EFBC}") = "Example.Android", "Example\Example.Android\Example.Android.csproj", "{05EE2696-9D94-4DCE-AD4F-2C1C5C052A57}"
EndProject
Project("{FAE04EC0-301F-11D3-BF4B-00C04F79EFBC}") = "Example.iOS", "Example\Example.iOS\Example.iOS.csproj", "{00023BF2-7D9E-439C-8942-54D3F21E2710}"
EndProject
Project("{FAE04EC0-301F-11D3-BF4B-00C04F79EFBC}") = "Example", "Example\Example\Example.csproj", "{F40048C7-7FA6-4BDF-9D0E-F3DEB847C63C}"
	ProjectSection(ProjectDependencies) = postProject
		{F3CEAF1A-1384-4754-9DB7-513B720A56F2} = {F3CEAF1A-1384-4754-9DB7-513B720A56F2}
	EndProjectSection
EndProject
Project("{FAE04EC0-301F-11D3-BF4B-00C04F79EFBC}") = "AeroGear.Mobile.Core.Tests", "AeroGear.Mobile.Core.Tests\AeroGear.Mobile.Core.Tests.csproj", "{8EDF4429-251A-416D-BB68-93F227191BCF}"
EndProject
Global
	GlobalSection(SolutionConfigurationPlatforms) = preSolution
		Ad-Hoc|Any CPU = Ad-Hoc|Any CPU
		Ad-Hoc|iPhone = Ad-Hoc|iPhone
		Ad-Hoc|iPhoneSimulator = Ad-Hoc|iPhoneSimulator
		AppStore|Any CPU = AppStore|Any CPU
		AppStore|iPhone = AppStore|iPhone
		AppStore|iPhoneSimulator = AppStore|iPhoneSimulator
		Debug|Any CPU = Debug|Any CPU
		Debug|iPhone = Debug|iPhone
		Debug|iPhoneSimulator = Debug|iPhoneSimulator
		Release|Any CPU = Release|Any CPU
		Release|iPhone = Release|iPhone
		Release|iPhoneSimulator = Release|iPhoneSimulator
	EndGlobalSection
	GlobalSection(ProjectConfigurationPlatforms) = postSolution
		{F3CEAF1A-1384-4754-9DB7-513B720A56F2}.Ad-Hoc|Any CPU.ActiveCfg = Release|Any CPU
		{F3CEAF1A-1384-4754-9DB7-513B720A56F2}.Ad-Hoc|Any CPU.Build.0 = Release|Any CPU
		{F3CEAF1A-1384-4754-9DB7-513B720A56F2}.Ad-Hoc|iPhone.ActiveCfg = Release|Any CPU
		{F3CEAF1A-1384-4754-9DB7-513B720A56F2}.Ad-Hoc|iPhone.Build.0 = Release|Any CPU
		{F3CEAF1A-1384-4754-9DB7-513B720A56F2}.Ad-Hoc|iPhoneSimulator.ActiveCfg = Release|Any CPU
		{F3CEAF1A-1384-4754-9DB7-513B720A56F2}.Ad-Hoc|iPhoneSimulator.Build.0 = Release|Any CPU
		{F3CEAF1A-1384-4754-9DB7-513B720A56F2}.AppStore|Any CPU.ActiveCfg = Release|Any CPU
		{F3CEAF1A-1384-4754-9DB7-513B720A56F2}.AppStore|Any CPU.Build.0 = Release|Any CPU
		{F3CEAF1A-1384-4754-9DB7-513B720A56F2}.AppStore|iPhone.ActiveCfg = Release|Any CPU
		{F3CEAF1A-1384-4754-9DB7-513B720A56F2}.AppStore|iPhone.Build.0 = Release|Any CPU
		{F3CEAF1A-1384-4754-9DB7-513B720A56F2}.AppStore|iPhoneSimulator.ActiveCfg = Release|Any CPU
		{F3CEAF1A-1384-4754-9DB7-513B720A56F2}.AppStore|iPhoneSimulator.Build.0 = Release|Any CPU
		{F3CEAF1A-1384-4754-9DB7-513B720A56F2}.Debug|Any CPU.ActiveCfg = Debug|Any CPU
		{F3CEAF1A-1384-4754-9DB7-513B720A56F2}.Debug|Any CPU.Build.0 = Debug|Any CPU
		{F3CEAF1A-1384-4754-9DB7-513B720A56F2}.Debug|iPhone.ActiveCfg = Debug|Any CPU
		{F3CEAF1A-1384-4754-9DB7-513B720A56F2}.Debug|iPhone.Build.0 = Debug|Any CPU
		{F3CEAF1A-1384-4754-9DB7-513B720A56F2}.Debug|iPhoneSimulator.ActiveCfg = Debug|Any CPU
		{F3CEAF1A-1384-4754-9DB7-513B720A56F2}.Debug|iPhoneSimulator.Build.0 = Debug|Any CPU
		{F3CEAF1A-1384-4754-9DB7-513B720A56F2}.Release|Any CPU.ActiveCfg = Release|Any CPU
		{F3CEAF1A-1384-4754-9DB7-513B720A56F2}.Release|Any CPU.Build.0 = Release|Any CPU
		{F3CEAF1A-1384-4754-9DB7-513B720A56F2}.Release|iPhone.ActiveCfg = Release|Any CPU
		{F3CEAF1A-1384-4754-9DB7-513B720A56F2}.Release|iPhone.Build.0 = Release|Any CPU
		{F3CEAF1A-1384-4754-9DB7-513B720A56F2}.Release|iPhoneSimulator.ActiveCfg = Release|Any CPU
		{F3CEAF1A-1384-4754-9DB7-513B720A56F2}.Release|iPhoneSimulator.Build.0 = Release|Any CPU
		{05EE2696-9D94-4DCE-AD4F-2C1C5C052A57}.Ad-Hoc|Any CPU.ActiveCfg = Release|Any CPU
		{05EE2696-9D94-4DCE-AD4F-2C1C5C052A57}.Ad-Hoc|Any CPU.Build.0 = Release|Any CPU
		{05EE2696-9D94-4DCE-AD4F-2C1C5C052A57}.Ad-Hoc|Any CPU.Deploy.0 = Release|Any CPU
		{05EE2696-9D94-4DCE-AD4F-2C1C5C052A57}.Ad-Hoc|iPhone.ActiveCfg = Release|Any CPU
		{05EE2696-9D94-4DCE-AD4F-2C1C5C052A57}.Ad-Hoc|iPhone.Build.0 = Release|Any CPU
		{05EE2696-9D94-4DCE-AD4F-2C1C5C052A57}.Ad-Hoc|iPhone.Deploy.0 = Release|Any CPU
		{05EE2696-9D94-4DCE-AD4F-2C1C5C052A57}.Ad-Hoc|iPhoneSimulator.ActiveCfg = Release|Any CPU
		{05EE2696-9D94-4DCE-AD4F-2C1C5C052A57}.Ad-Hoc|iPhoneSimulator.Build.0 = Release|Any CPU
		{05EE2696-9D94-4DCE-AD4F-2C1C5C052A57}.Ad-Hoc|iPhoneSimulator.Deploy.0 = Release|Any CPU
		{05EE2696-9D94-4DCE-AD4F-2C1C5C052A57}.AppStore|Any CPU.ActiveCfg = Release|Any CPU
		{05EE2696-9D94-4DCE-AD4F-2C1C5C052A57}.AppStore|Any CPU.Build.0 = Release|Any CPU
		{05EE2696-9D94-4DCE-AD4F-2C1C5C052A57}.AppStore|Any CPU.Deploy.0 = Release|Any CPU
		{05EE2696-9D94-4DCE-AD4F-2C1C5C052A57}.AppStore|iPhone.ActiveCfg = Release|Any CPU
		{05EE2696-9D94-4DCE-AD4F-2C1C5C052A57}.AppStore|iPhone.Build.0 = Release|Any CPU
		{05EE2696-9D94-4DCE-AD4F-2C1C5C052A57}.AppStore|iPhone.Deploy.0 = Release|Any CPU
		{05EE2696-9D94-4DCE-AD4F-2C1C5C052A57}.AppStore|iPhoneSimulator.ActiveCfg = Release|Any CPU
		{05EE2696-9D94-4DCE-AD4F-2C1C5C052A57}.AppStore|iPhoneSimulator.Build.0 = Release|Any CPU
		{05EE2696-9D94-4DCE-AD4F-2C1C5C052A57}.AppStore|iPhoneSimulator.Deploy.0 = Release|Any CPU
		{05EE2696-9D94-4DCE-AD4F-2C1C5C052A57}.Debug|Any CPU.ActiveCfg = Debug|Any CPU
		{05EE2696-9D94-4DCE-AD4F-2C1C5C052A57}.Debug|Any CPU.Build.0 = Debug|Any CPU
		{05EE2696-9D94-4DCE-AD4F-2C1C5C052A57}.Debug|Any CPU.Deploy.0 = Debug|Any CPU
		{05EE2696-9D94-4DCE-AD4F-2C1C5C052A57}.Debug|iPhone.ActiveCfg = Debug|Any CPU
		{05EE2696-9D94-4DCE-AD4F-2C1C5C052A57}.Debug|iPhone.Build.0 = Debug|Any CPU
		{05EE2696-9D94-4DCE-AD4F-2C1C5C052A57}.Debug|iPhone.Deploy.0 = Debug|Any CPU
		{05EE2696-9D94-4DCE-AD4F-2C1C5C052A57}.Debug|iPhoneSimulator.ActiveCfg = Debug|Any CPU
		{05EE2696-9D94-4DCE-AD4F-2C1C5C052A57}.Debug|iPhoneSimulator.Build.0 = Debug|Any CPU
		{05EE2696-9D94-4DCE-AD4F-2C1C5C052A57}.Debug|iPhoneSimulator.Deploy.0 = Debug|Any CPU
		{05EE2696-9D94-4DCE-AD4F-2C1C5C052A57}.Release|Any CPU.ActiveCfg = Release|Any CPU
		{05EE2696-9D94-4DCE-AD4F-2C1C5C052A57}.Release|Any CPU.Build.0 = Release|Any CPU
		{05EE2696-9D94-4DCE-AD4F-2C1C5C052A57}.Release|Any CPU.Deploy.0 = Release|Any CPU
		{05EE2696-9D94-4DCE-AD4F-2C1C5C052A57}.Release|iPhone.ActiveCfg = Release|Any CPU
		{05EE2696-9D94-4DCE-AD4F-2C1C5C052A57}.Release|iPhone.Build.0 = Release|Any CPU
		{05EE2696-9D94-4DCE-AD4F-2C1C5C052A57}.Release|iPhone.Deploy.0 = Release|Any CPU
		{05EE2696-9D94-4DCE-AD4F-2C1C5C052A57}.Release|iPhoneSimulator.ActiveCfg = Release|Any CPU
		{05EE2696-9D94-4DCE-AD4F-2C1C5C052A57}.Release|iPhoneSimulator.Build.0 = Release|Any CPU
		{05EE2696-9D94-4DCE-AD4F-2C1C5C052A57}.Release|iPhoneSimulator.Deploy.0 = Release|Any CPU
		{00023BF2-7D9E-439C-8942-54D3F21E2710}.Ad-Hoc|Any CPU.ActiveCfg = Ad-Hoc|iPhone
		{00023BF2-7D9E-439C-8942-54D3F21E2710}.Ad-Hoc|iPhone.ActiveCfg = Ad-Hoc|iPhone
		{00023BF2-7D9E-439C-8942-54D3F21E2710}.Ad-Hoc|iPhone.Build.0 = Ad-Hoc|iPhone
		{00023BF2-7D9E-439C-8942-54D3F21E2710}.Ad-Hoc|iPhoneSimulator.ActiveCfg = Ad-Hoc|iPhoneSimulator
		{00023BF2-7D9E-439C-8942-54D3F21E2710}.Ad-Hoc|iPhoneSimulator.Build.0 = Ad-Hoc|iPhoneSimulator
		{00023BF2-7D9E-439C-8942-54D3F21E2710}.AppStore|Any CPU.ActiveCfg = AppStore|iPhone
		{00023BF2-7D9E-439C-8942-54D3F21E2710}.AppStore|iPhone.ActiveCfg = AppStore|iPhone
		{00023BF2-7D9E-439C-8942-54D3F21E2710}.AppStore|iPhone.Build.0 = AppStore|iPhone
		{00023BF2-7D9E-439C-8942-54D3F21E2710}.AppStore|iPhoneSimulator.ActiveCfg = AppStore|iPhoneSimulator
		{00023BF2-7D9E-439C-8942-54D3F21E2710}.AppStore|iPhoneSimulator.Build.0 = AppStore|iPhoneSimulator
		{00023BF2-7D9E-439C-8942-54D3F21E2710}.Debug|Any CPU.ActiveCfg = Debug|iPhone
		{00023BF2-7D9E-439C-8942-54D3F21E2710}.Debug|iPhone.ActiveCfg = Debug|iPhone
		{00023BF2-7D9E-439C-8942-54D3F21E2710}.Debug|iPhone.Build.0 = Debug|iPhone
		{00023BF2-7D9E-439C-8942-54D3F21E2710}.Debug|iPhoneSimulator.ActiveCfg = Debug|iPhoneSimulator
		{00023BF2-7D9E-439C-8942-54D3F21E2710}.Debug|iPhoneSimulator.Build.0 = Debug|iPhoneSimulator
		{00023BF2-7D9E-439C-8942-54D3F21E2710}.Release|Any CPU.ActiveCfg = Release|iPhone
		{00023BF2-7D9E-439C-8942-54D3F21E2710}.Release|iPhone.ActiveCfg = Release|iPhone
		{00023BF2-7D9E-439C-8942-54D3F21E2710}.Release|iPhone.Build.0 = Release|iPhone
		{00023BF2-7D9E-439C-8942-54D3F21E2710}.Release|iPhoneSimulator.ActiveCfg = Release|iPhoneSimulator
		{00023BF2-7D9E-439C-8942-54D3F21E2710}.Release|iPhoneSimulator.Build.0 = Release|iPhoneSimulator
		{F40048C7-7FA6-4BDF-9D0E-F3DEB847C63C}.Ad-Hoc|Any CPU.ActiveCfg = Debug|Any CPU
		{F40048C7-7FA6-4BDF-9D0E-F3DEB847C63C}.Ad-Hoc|Any CPU.Build.0 = Debug|Any CPU
		{F40048C7-7FA6-4BDF-9D0E-F3DEB847C63C}.Ad-Hoc|iPhone.ActiveCfg = Debug|Any CPU
		{F40048C7-7FA6-4BDF-9D0E-F3DEB847C63C}.Ad-Hoc|iPhone.Build.0 = Debug|Any CPU
		{F40048C7-7FA6-4BDF-9D0E-F3DEB847C63C}.Ad-Hoc|iPhoneSimulator.ActiveCfg = Debug|Any CPU
		{F40048C7-7FA6-4BDF-9D0E-F3DEB847C63C}.Ad-Hoc|iPhoneSimulator.Build.0 = Debug|Any CPU
		{F40048C7-7FA6-4BDF-9D0E-F3DEB847C63C}.AppStore|Any CPU.ActiveCfg = Debug|Any CPU
		{F40048C7-7FA6-4BDF-9D0E-F3DEB847C63C}.AppStore|Any CPU.Build.0 = Debug|Any CPU
		{F40048C7-7FA6-4BDF-9D0E-F3DEB847C63C}.AppStore|iPhone.ActiveCfg = Debug|Any CPU
		{F40048C7-7FA6-4BDF-9D0E-F3DEB847C63C}.AppStore|iPhone.Build.0 = Debug|Any CPU
		{F40048C7-7FA6-4BDF-9D0E-F3DEB847C63C}.AppStore|iPhoneSimulator.ActiveCfg = Debug|Any CPU
		{F40048C7-7FA6-4BDF-9D0E-F3DEB847C63C}.AppStore|iPhoneSimulator.Build.0 = Debug|Any CPU
		{F40048C7-7FA6-4BDF-9D0E-F3DEB847C63C}.Debug|Any CPU.ActiveCfg = Debug|Any CPU
		{F40048C7-7FA6-4BDF-9D0E-F3DEB847C63C}.Debug|Any CPU.Build.0 = Debug|Any CPU
		{F40048C7-7FA6-4BDF-9D0E-F3DEB847C63C}.Debug|iPhone.ActiveCfg = Debug|Any CPU
		{F40048C7-7FA6-4BDF-9D0E-F3DEB847C63C}.Debug|iPhone.Build.0 = Debug|Any CPU
		{F40048C7-7FA6-4BDF-9D0E-F3DEB847C63C}.Debug|iPhoneSimulator.ActiveCfg = Debug|Any CPU
		{F40048C7-7FA6-4BDF-9D0E-F3DEB847C63C}.Debug|iPhoneSimulator.Build.0 = Debug|Any CPU
		{F40048C7-7FA6-4BDF-9D0E-F3DEB847C63C}.Release|Any CPU.ActiveCfg = Release|Any CPU
		{F40048C7-7FA6-4BDF-9D0E-F3DEB847C63C}.Release|Any CPU.Build.0 = Release|Any CPU
		{F40048C7-7FA6-4BDF-9D0E-F3DEB847C63C}.Release|iPhone.ActiveCfg = Release|Any CPU
		{F40048C7-7FA6-4BDF-9D0E-F3DEB847C63C}.Release|iPhone.Build.0 = Release|Any CPU
		{F40048C7-7FA6-4BDF-9D0E-F3DEB847C63C}.Release|iPhoneSimulator.ActiveCfg = Release|Any CPU
		{F40048C7-7FA6-4BDF-9D0E-F3DEB847C63C}.Release|iPhoneSimulator.Build.0 = Release|Any CPU
		{8EDF4429-251A-416D-BB68-93F227191BCF}.Ad-Hoc|Any CPU.ActiveCfg = Release|Any CPU
		{8EDF4429-251A-416D-BB68-93F227191BCF}.Ad-Hoc|Any CPU.Build.0 = Release|Any CPU
		{8EDF4429-251A-416D-BB68-93F227191BCF}.Ad-Hoc|iPhone.ActiveCfg = Release|Any CPU
		{8EDF4429-251A-416D-BB68-93F227191BCF}.Ad-Hoc|iPhone.Build.0 = Release|Any CPU
		{8EDF4429-251A-416D-BB68-93F227191BCF}.Ad-Hoc|iPhoneSimulator.ActiveCfg = Release|Any CPU
		{8EDF4429-251A-416D-BB68-93F227191BCF}.Ad-Hoc|iPhoneSimulator.Build.0 = Release|Any CPU
		{8EDF4429-251A-416D-BB68-93F227191BCF}.AppStore|Any CPU.ActiveCfg = Release|Any CPU
		{8EDF4429-251A-416D-BB68-93F227191BCF}.AppStore|Any CPU.Build.0 = Release|Any CPU
		{8EDF4429-251A-416D-BB68-93F227191BCF}.AppStore|iPhone.ActiveCfg = Release|Any CPU
		{8EDF4429-251A-416D-BB68-93F227191BCF}.AppStore|iPhone.Build.0 = Release|Any CPU
		{8EDF4429-251A-416D-BB68-93F227191BCF}.AppStore|iPhoneSimulator.ActiveCfg = Release|Any CPU
		{8EDF4429-251A-416D-BB68-93F227191BCF}.AppStore|iPhoneSimulator.Build.0 = Release|Any CPU
		{8EDF4429-251A-416D-BB68-93F227191BCF}.Debug|Any CPU.ActiveCfg = Debug|Any CPU
		{8EDF4429-251A-416D-BB68-93F227191BCF}.Debug|Any CPU.Build.0 = Debug|Any CPU
		{8EDF4429-251A-416D-BB68-93F227191BCF}.Debug|iPhone.ActiveCfg = Debug|Any CPU
		{8EDF4429-251A-416D-BB68-93F227191BCF}.Debug|iPhone.Build.0 = Debug|Any CPU
		{8EDF4429-251A-416D-BB68-93F227191BCF}.Debug|iPhoneSimulator.ActiveCfg = Debug|Any CPU
		{8EDF4429-251A-416D-BB68-93F227191BCF}.Debug|iPhoneSimulator.Build.0 = Debug|Any CPU
		{8EDF4429-251A-416D-BB68-93F227191BCF}.Release|Any CPU.ActiveCfg = Release|Any CPU
		{8EDF4429-251A-416D-BB68-93F227191BCF}.Release|Any CPU.Build.0 = Release|Any CPU
		{8EDF4429-251A-416D-BB68-93F227191BCF}.Release|iPhone.ActiveCfg = Release|Any CPU
		{8EDF4429-251A-416D-BB68-93F227191BCF}.Release|iPhone.Build.0 = Release|Any CPU
		{8EDF4429-251A-416D-BB68-93F227191BCF}.Release|iPhoneSimulator.ActiveCfg = Release|Any CPU
		{8EDF4429-251A-416D-BB68-93F227191BCF}.Release|iPhoneSimulator.Build.0 = Release|Any CPU
	EndGlobalSection
	GlobalSection(SolutionProperties) = preSolution
		HideSolutionNode = FALSE
	EndGlobalSection
	GlobalSection(ExtensibilityGlobals) = postSolution
		SolutionGuid = {79D6396E-B928-4EA0-B8E9-3256255869BB}
	EndGlobalSection
EndGlobal
